{
  "name": "relock-npm-lock-v2-T6yESH",
  "lockfileVersion": 3,
  "requires": true,
  "packages": {
    "": {
      "license": "MIT",
      "dependencies": {
        "check-node-version": "^4.2.1",
        "codemirror": "^6.0.0"
      },
      "engines": {
        "node": "18.16"
      }
    },
    "node_modules/@codemirror/autocomplete": {
      "version": "6.18.6",
      "resolved": "https://registry.npmjs.org/@codemirror/autocomplete/-/autocomplete-6.18.6.tgz",
      "integrity": "sha512-PHHBXFomUs5DF+9tCOM/UoW6XQ4R44lLNNhRaW9PKPTU0D7lIjRg3ElxaJnTwsl/oHiR93WSXDBrekhoUGCPtg==",
      "license": "MIT",
      "dependencies": {
        "@codemirror/language": "^6.0.0",
        "@codemirror/state": "^6.0.0",
        "@codemirror/view": "^6.17.0",
        "@lezer/common": "^1.0.0"
      }
    },
    "node_modules/@codemirror/commands": {
      "version": "6.8.1",
      "resolved": "https://registry.npmjs.org/@codemirror/commands/-/commands-6.8.1.tgz",
      "integrity": "sha512-KlGVYufHMQzxbdQONiLyGQDUW0itrLZwq3CcY7xpv9ZLRHqzkBSoteocBHtMCoY7/Ci4xhzSrToIeLg7FxHuaw==",
      "license": "MIT",
      "dependencies": {
        "@codemirror/language": "^6.0.0",
        "@codemirror/state": "^6.4.0",
        "@codemirror/view": "^6.27.0",
        "@lezer/common": "^1.1.0"
      }
    },
    "node_modules/@codemirror/language": {
      "version": "6.11.3",
      "resolved": "https://registry.npmjs.org/@codemirror/language/-/language-6.11.3.tgz",
      "integrity": "sha512-9HBM2XnwDj7fnu0551HkGdrUrrqmYq/WC5iv6nbY2WdicXdGbhR/gfbZOH73Aqj4351alY1+aoG9rCNfiwS1RA==",
      "license": "MIT",
      "dependencies": {
        "@codemirror/state": "^6.0.0",
        "@codemirror/view": "^6.23.0",
        "@lezer/common": "^1.1.0",
        "@lezer/highlight": "^1.0.0",
        "@lezer/lr": "^1.0.0",
        "style-mod": "^4.0.0"
      }
    },
    "node_modules/@codemirror/lint": {
      "version": "6.8.5",
      "resolved": "https://registry.npmjs.org/@codemirror/lint/-/lint-6.8.5.tgz",
      "integrity": "sha512-s3n3KisH7dx3vsoeGMxsbRAgKe4O1vbrnKBClm99PU0fWxmxsx5rR2PfqQgIt+2MMJBHbiJ5rfIdLYfB9NNvsA==",
      "license": "MIT",
      "dependencies": {
        "@codemirror/state": "^6.0.0",
        "@codemirror/view": "^6.35.0",
        "crelt": "^1.0.5"
      }
    },
    "node_modules/@codemirror/search": {
      "version": "6.5.11",
      "resolved": "https://registry.npmjs.org/@codemirror/search/-/search-6.5.11.tgz",
      "integrity": "sha512-KmWepDE6jUdL6n8cAAqIpRmLPBZ5ZKnicE8oGU/s3QrAVID+0VhLFrzUucVKHG5035/BSykhExDL/Xm7dHthiA==",
      "license": "MIT",
      "dependencies": {
        "@codemirror/state": "^6.0.0",
        "@codemirror/view": "^6.0.0",
        "crelt": "^1.0.5"
      }
    },
    "node_modules/@codemirror/state": {
      "version": "6.5.2",
      "resolved": "https://registry.npmjs.org/@codemirror/state/-/state-6.5.2.tgz",
      "integrity": "sha512-FVqsPqtPWKVVL3dPSxy8wEF/ymIEuVzF1PK3VbUgrxXpJUSHQWWZz4JMToquRxnkw+36LTamCZG2iua2Ptq0fA==",
      "license": "MIT",
      "dependencies": {
        "@marijn/find-cluster-break": "^1.0.0"
      }
    },
    "node_modules/@codemirror/view": {
      "version": "6.38.2",
      "resolved": "https://registry.npmjs.org/@codemirror/view/-/view-6.38.2.tgz",
      "integrity": "sha512-bTWAJxL6EOFLPzTx+O5P5xAO3gTqpatQ2b/ARQ8itfU/v2LlpS3pH2fkL0A3E/Fx8Y2St2KES7ZEV0sHTsSW/A==",
      "license": "MIT",
      "dependencies": {
        "@codemirror/state": "^6.5.0",
        "crelt": "^1.0.6",
        "style-mod": "^4.1.0",
        "w3c-keyname": "^2.2.4"
      }
    },
    "node_modules/@lezer/common": {
      "version": "1.2.3",
      "resolved": "https://registry.npmjs.org/@lezer/common/-/common-1.2.3.tgz",
      "integrity": "sha512-w7ojc8ejBqr2REPsWxJjrMFsA/ysDCFICn8zEOR9mrqzOu2amhITYuLD8ag6XZf0CFXDrhKqw7+tW8cX66NaDA==",
      "license": "MIT"
    },
    "node_modules/@lezer/highlight": {
      "version": "1.2.1",
      "resolved": "https://registry.npmjs.org/@lezer/highlight/-/highlight-1.2.1.tgz",
      "integrity": "sha512-Z5duk4RN/3zuVO7Jq0pGLJ3qynpxUVsh7IbUbGj88+uV2ApSAn6kWg2au3iJb+0Zi7kKtqffIESgNcRXWZWmSA==",
      "license": "MIT",
      "dependencies": {
        "@lezer/common": "^1.0.0"
      }
    },
    "node_modules/@lezer/lr": {
      "version": "1.4.2",
      "resolved": "https://registry.npmjs.org/@lezer/lr/-/lr-1.4.2.tgz",
      "integrity": "sha512-pu0K1jCIdnQ12aWNaAVU5bzi7Bd1w54J3ECgANPmYLtQKP0HBj2cE/5coBD66MT10xbtIuUr7tg0Shbsvk0mDA==",
      "license": "MIT",
      "dependencies": {
        "@lezer/common": "^1.0.0"
      }
    },
    "node_modules/@marijn/find-cluster-break": {
      "version": "1.0.2",
      "resolved": "https://registry.npmjs.org/@marijn/find-cluster-break/-/find-cluster-break-1.0.2.tgz",
      "integrity": "sha512-l0h88YhZFyKdXIFNfSWpyjStDjGHwZ/U7iobcK1cQQD8sejsONdQtTVU+1wVN1PBw40PiiHB1vA5S7VTfQiP9g==",
      "license": "MIT"
    },
    "node_modules/ansi-styles": {
      "version": "4.3.0",
      "resolved": "https://registry.npmjs.org/ansi-styles/-/ansi-styles-4.3.0.tgz",
      "integrity": "sha512-zbB9rCJAT1rbjiVDb2hqKFHNYLxgtk8NURxZ3IZwD3F6NtxbXZQCnnSi1Lkx+IDohdPlFp222wVALIheZJQSEg==",
      "dependencies": {
        "color-convert": "^2.0.1"
      },
      "engines": {
        "node": ">=8"
      },
      "funding": {
        "url": "https://github.com/chalk/ansi-styles?sponsor=1"
      }
    },
    "node_modules/chalk": {
      "version": "3.0.0",
      "resolved": "https://registry.npmjs.org/chalk/-/chalk-3.0.0.tgz",
      "integrity": "sha512-4D3B6Wf41KOYRFdszmDqMCGq5VV/uMAB273JILmO+3jAlh8X4qDtdtgCR3fxtbLEMzSx22QdhnDcJvu2u1fVwg==",
      "dependencies": {
        "ansi-styles": "^4.1.0",
        "supports-color": "^7.1.0"
      },
      "engines": {
        "node": ">=8"
      }
    },
    "node_modules/check-node-version": {
      "version": "4.2.1",
      "resolved": "https://registry.npmjs.org/check-node-version/-/check-node-version-4.2.1.tgz",
      "integrity": "sha512-YYmFYHV/X7kSJhuN/QYHUu998n/TRuDe8UenM3+m5NrkiH670lb9ILqHIvBencvJc4SDh+XcbXMR4b+TtubJiw==",
      "dependencies": {
        "chalk": "^3.0.0",
        "map-values": "^1.0.1",
        "minimist": "^1.2.0",
        "object-filter": "^1.0.2",
        "run-parallel": "^1.1.4",
        "semver": "^6.3.0"
      },
      "bin": {
        "check-node-version": "bin.js"
      },
      "engines": {
        "node": ">=8.3.0"
      }
    },
    "node_modules/codemirror": {
      "version": "6.0.0",
      "resolved": "https://registry.npmjs.org/codemirror/-/codemirror-6.0.0.tgz",
      "integrity": "sha512-c4XR9QtDn+NhKLM2FBsnRn9SFdRH7G6594DYC/fyKKIsTOcdLF0WNWRd+f6kNyd5j1vgYPucbIeq2XkywYCwhA==",
      "license": "MIT",
      "dependencies": {
        "@codemirror/autocomplete": "^6.0.0",
        "@codemirror/commands": "^6.0.0",
        "@codemirror/language": "^6.0.0",
        "@codemirror/lint": "^6.0.0",
        "@codemirror/search": "^6.0.0",
        "@codemirror/state": "^6.0.0",
        "@codemirror/view": "^6.0.0"
      }
    },
    "node_modules/color-convert": {
      "version": "2.0.1",
      "resolved": "https://registry.npmjs.org/color-convert/-/color-convert-2.0.1.tgz",
      "integrity": "sha512-RRECPsj7iu/xb5oKYcsFHSppFNnsj/52OVTRKb4zP5onXwVF3zVmmToNcOfGC+CRDpfK/U584fMg38ZHCaElKQ==",
      "dependencies": {
        "color-name": "~1.1.4"
      },
      "engines": {
        "node": ">=7.0.0"
      }
    },
    "node_modules/color-name": {
      "version": "1.1.4",
      "resolved": "https://registry.npmjs.org/color-name/-/color-name-1.1.4.tgz",
      "integrity": "sha512-dOy+3AuW3a2wNbZHIuMZpTcgjGuLU/uBL/ubcZF9OXbDo8ff4O8yVp5Bf0efS8uEoYo5q4Fx7dY9OgQGXgAsQA=="
    },
    "node_modules/crelt": {
      "version": "1.0.6",
      "resolved": "https://registry.npmjs.org/crelt/-/crelt-1.0.6.tgz",
      "integrity": "sha512-VQ2MBenTq1fWZUH9DJNGti7kKv6EeAuYr3cLwxUWhIu1baTaXh4Ib5W2CqHVqib4/MqbYGJqiL3Zb8GJZr3l4g==",
      "license": "MIT"
    },
    "node_modules/has-flag": {
      "version": "4.0.0",
      "resolved": "https://registry.npmjs.org/has-flag/-/has-flag-4.0.0.tgz",
      "integrity": "sha512-EykJT/Q1KjTWctppgIAgfSO0tKVuZUjhgMr17kqTumMl6Afv3EISleU7qZUzoXDFTAHTDC4NOoG/ZxU3EvlMPQ==",
      "engines": {
        "node": ">=8"
      }
    },
    "node_modules/map-values": {
      "version": "1.0.1",
      "resolved": "https://registry.npmjs.org/map-values/-/map-values-1.0.1.tgz",
      "integrity": "sha512-BbShUnr5OartXJe1GeccAWtfro11hhgNJg6G9/UtWKjVGvV5U4C09cg5nk8JUevhXODaXY+hQ3xxMUKSs62ONQ=="
    },
    "node_modules/minimist": {
      "version": "1.2.8",
      "resolved": "https://registry.npmjs.org/minimist/-/minimist-1.2.8.tgz",
      "integrity": "sha512-2yyAR8qBkN3YuheJanUpWC5U3bb5osDywNB8RzDVlDwDHbocAJveqqj1u8+SVD7jkWT4yvsHCpWqqWqAxb0zCA==",
      "funding": {
        "url": "https://github.com/sponsors/ljharb"
      }
    },
    "node_modules/object-filter": {
      "version": "1.0.2",
      "resolved": "https://registry.npmjs.org/object-filter/-/object-filter-1.0.2.tgz",
      "integrity": "sha512-NahvP2vZcy1ZiiYah30CEPw0FpDcSkSePJBMpzl5EQgCmISijiGuJm3SPYp7U+Lf2TljyaIw3E5EgkEx/TNEVA=="
    },
    "node_modules/queue-microtask": {
      "version": "1.2.3",
      "resolved": "https://registry.npmjs.org/queue-microtask/-/queue-microtask-1.2.3.tgz",
      "integrity": "sha512-NuaNSa6flKT5JaSYQzJok04JzTL1CA6aGhv5rfLW3PgqA+M2ChpZQnAC8h8i4ZFkBS8X5RqkDBHA7r4hej3K9A==",
      "funding": [
        {
          "type": "github",
          "url": "https://github.com/sponsors/feross"
        },
        {
          "type": "patreon",
          "url": "https://www.patreon.com/feross"
        },
        {
          "type": "consulting",
          "url": "https://feross.org/support"
        }
      ]
    },
    "node_modules/run-parallel": {
      "version": "1.2.0",
      "resolved": "https://registry.npmjs.org/run-parallel/-/run-parallel-1.2.0.tgz",
      "integrity": "sha512-5l4VyZR86LZ/lDxZTR6jqL8AFE2S0IFLMP26AbjsLVADxHdhB/c0GUsH+y39UfCi3dzz8OlQuPmnaJOMoDHQBA==",
      "funding": [
        {
          "type": "github",
          "url": "https://github.com/sponsors/feross"
        },
        {
          "type": "patreon",
          "url": "https://www.patreon.com/feross"
        },
        {
          "type": "consulting",
          "url": "https://feross.org/support"
        }
      ],
      "dependencies": {
        "queue-microtask": "^1.2.2"
      }
    },
    "node_modules/semver": {
      "version": "6.3.1",
      "resolved": "https://registry.npmjs.org/semver/-/semver-6.3.1.tgz",
      "integrity": "sha512-BR7VvDCVHO+q2xBEWskxS6DJE1qRnb7DxzUrogb71CWoSficBxYsiAGd+Kl0mmq/MprG9yArRkyrQxTO6XjMzA==",
      "bin": {
        "semver": "bin/semver.js"
      }
    },
    "node_modules/style-mod": {
      "version": "4.1.2",
      "resolved": "https://registry.npmjs.org/style-mod/-/style-mod-4.1.2.tgz",
      "integrity": "sha512-wnD1HyVqpJUI2+eKZ+eo1UwghftP6yuFheBqqe+bWCotBjC2K1YnteJILRMs3SM4V/0dLEW1SC27MWP5y+mwmw==",
      "license": "MIT"
    },
    "node_modules/supports-color": {
      "version": "7.2.0",
      "resolved": "https://registry.npmjs.org/supports-color/-/supports-color-7.2.0.tgz",
      "integrity": "sha512-qpCAvRl9stuOHveKsn7HncJRvv501qIacKzQlO/+Lwxc9+0q2wLyv4Dfvt80/DPn2pqOBsJdDiogXGR9+OvwRw==",
      "dependencies": {
        "has-flag": "^4.0.0"
      },
      "engines": {
        "node": ">=8"
      }
    },
    "node_modules/w3c-keyname": {
      "version": "2.2.8",
      "resolved": "https://registry.npmjs.org/w3c-keyname/-/w3c-keyname-2.2.8.tgz",
      "integrity": "sha512-dpojBhNsCNN7T82Tm7k26A6G9ML3NkhDsnw9n/eoxSRlVBB4CEtIQ/KTCLI2Fwf3ataSXRhYFkQi3SlnFwPvPQ==",
      "license": "MIT"
    }
  }
}
